
Microsoft Visual Studio Solution File, Format Version 12.00
# Visual Studio Version 16
VisualStudioVersion = 16.0.30611.23
MinimumVisualStudioVersion = 10.0.40219.1
Project("{FAE04EC0-301F-11D3-BF4B-00C04F79EFBC}") = "CA.GraphShortestPath", "CA.GraphShortestPath\CA.GraphShortestPath.csproj", "{4602FB2C-0A59-4790-BE99-72C6C5870D8B}"
EndProject
Global
	GlobalSection(SolutionConfigurationPlatforms) = preSolution
		Debug|Any CPU = Debug|Any CPU
		Release|Any CPU = Release|Any CPU
	EndGlobalSection
	GlobalSection(ProjectConfigurationPlatforms) = postSolution
		{4602FB2C-0A59-4790-BE99-72C6C5870D8B}.Debug|Any CPU.ActiveCfg = Debug|Any CPU
		{4602FB2C-0A59-4790-BE99-72C6C5870D8B}.Debug|Any CPU.Build.0 = Debug|Any CPU
		{4602FB2C-0A59-4790-BE99-72C6C5870D8B}.Release|Any CPU.ActiveCfg = Release|Any CPU
		{4602FB2C-0A59-4790-BE99-72C6C5870D8B}.Release|Any CPU.Build.0 = Release|Any CPU
	EndGlobalSection
	GlobalSection(SolutionProperties) = preSolution
		HideSolutionNode = FALSE
	EndGlobalSection
	GlobalSection(ExtensibilityGlobals) = postSolution
		SolutionGuid = {A874D38C-764F-434C-8495-28F50690DE20}
	EndGlobalSection
EndGlobal
